// !$*UTF8*$!
{
	archiveVersion = 1;
	classes = {
	};
	objectVersion = 54;
	objects = {

/* Begin PBXBuildFile section */
		240DCF11271B3C8A00C820E5 /* ItemsController.swift in Sources */ = {isa = PBXBuildFile; fileRef = 240DCF10271B3C8A00C820E5 /* ItemsController.swift */; };
		240DCF13271B3FEA00C820E5 /* NotesController.swift in Sources */ = {isa = PBXBuildFile; fileRef = 240DCF12271B3FEA00C820E5 /* NotesController.swift */; };
		240DCF15271B407600C820E5 /* CharactersController.swift in Sources */ = {isa = PBXBuildFile; fileRef = 240DCF14271B407600C820E5 /* CharactersController.swift */; };
		240DCF17271B445B00C820E5 /* TabBarController.swift in Sources */ = {isa = PBXBuildFile; fileRef = 240DCF16271B445B00C820E5 /* TabBarController.swift */; };
		240DCF1D271B51DD00C820E5 /* Spell.swift in Sources */ = {isa = PBXBuildFile; fileRef = 240DCF1C271B51DD00C820E5 /* Spell.swift */; };
		240DCF1F271B53D500C820E5 /* SpellFetchManager.swift in Sources */ = {isa = PBXBuildFile; fileRef = 240DCF1E271B53D400C820E5 /* SpellFetchManager.swift */; };
		240DCF23271B585800C820E5 /* SpellSearchController.swift in Sources */ = {isa = PBXBuildFile; fileRef = 240DCF22271B585800C820E5 /* SpellSearchController.swift */; };
		24155415271C989000433BD3 /* SpellCellCollectionViewCell.swift in Sources */ = {isa = PBXBuildFile; fileRef = 24155413271C989000433BD3 /* SpellCellCollectionViewCell.swift */; };
		24155416271C989000433BD3 /* SpellCellCollectionViewCell.xib in Resources */ = {isa = PBXBuildFile; fileRef = 24155414271C989000433BD3 /* SpellCellCollectionViewCell.xib */; };
		242B677F27112553002ADCD3 /* AppDelegate.swift in Sources */ = {isa = PBXBuildFile; fileRef = 242B677E27112553002ADCD3 /* AppDelegate.swift */; };
		242B678127112553002ADCD3 /* SceneDelegate.swift in Sources */ = {isa = PBXBuildFile; fileRef = 242B678027112553002ADCD3 /* SceneDelegate.swift */; };
		242B678327112553002ADCD3 /* SpellsController.swift in Sources */ = {isa = PBXBuildFile; fileRef = 242B678227112553002ADCD3 /* SpellsController.swift */; };
		242B678627112553002ADCD3 /* Main.storyboard in Resources */ = {isa = PBXBuildFile; fileRef = 242B678427112553002ADCD3 /* Main.storyboard */; };
		242B678927112553002ADCD3 /* App_of_Holding_v1.xcdatamodeld in Sources */ = {isa = PBXBuildFile; fileRef = 242B678727112553002ADCD3 /* App_of_Holding_v1.xcdatamodeld */; };
		242B678B27112554002ADCD3 /* Assets.xcassets in Resources */ = {isa = PBXBuildFile; fileRef = 242B678A27112554002ADCD3 /* Assets.xcassets */; };
		242B678E27112554002ADCD3 /* LaunchScreen.storyboard in Resources */ = {isa = PBXBuildFile; fileRef = 242B678C27112554002ADCD3 /* LaunchScreen.storyboard */; };
		246B93DF2722039C00F163A6 /* SpellResultViewCell.swift in Sources */ = {isa = PBXBuildFile; fileRef = 246B93DD2722039C00F163A6 /* SpellResultViewCell.swift */; };
		246B93E02722039C00F163A6 /* SpellResultViewCell.xib in Resources */ = {isa = PBXBuildFile; fileRef = 246B93DE2722039C00F163A6 /* SpellResultViewCell.xib */; };
		246B93E32722091600F163A6 /* SpellSearchViewCell.swift in Sources */ = {isa = PBXBuildFile; fileRef = 246B93E12722091600F163A6 /* SpellSearchViewCell.swift */; };
		246B93E42722091600F163A6 /* SpellSearchViewCell.xib in Resources */ = {isa = PBXBuildFile; fileRef = 246B93E22722091600F163A6 /* SpellSearchViewCell.xib */; };
		247A1BA42724937F00E86F95 /* AlertsStoryboard.storyboard in Resources */ = {isa = PBXBuildFile; fileRef = 247A1BA32724937F00E86F95 /* AlertsStoryboard.storyboard */; };
		247A1BA7272493A100E86F95 /* AlertViewController.swift in Sources */ = {isa = PBXBuildFile; fileRef = 247A1BA6272493A100E86F95 /* AlertViewController.swift */; };
		24BE2B742724A0BD00C959DA /* AlertService.swift in Sources */ = {isa = PBXBuildFile; fileRef = 24BE2B732724A0BD00C959DA /* AlertService.swift */; };
		24BE2B762724AA7100C959DA /* SingleSpellSearched.storyboard in Resources */ = {isa = PBXBuildFile; fileRef = 24BE2B752724AA7100C959DA /* SingleSpellSearched.storyboard */; };
		24BE2B782724AB2F00C959DA /* SpellDataController.swift in Sources */ = {isa = PBXBuildFile; fileRef = 24BE2B772724AB2F00C959DA /* SpellDataController.swift */; };
		24CD5A82271E317A00F24182 /* ResultsData.swift in Sources */ = {isa = PBXBuildFile; fileRef = 24CD5A81271E317A00F24182 /* ResultsData.swift */; };
		ED0501F9ADC086DE80F09DB2 /* Pods_App_of_Holding_v1.framework in Frameworks */ = {isa = PBXBuildFile; fileRef = E2D54EDEC444FCF975F7CA6E /* Pods_App_of_Holding_v1.framework */; };
/* End PBXBuildFile section */

/* Begin PBXFileReference section */
		240DCF10271B3C8A00C820E5 /* ItemsController.swift */ = {isa = PBXFileReference; lastKnownFileType = sourcecode.swift; path = ItemsController.swift; sourceTree = "<group>"; };
		240DCF12271B3FEA00C820E5 /* NotesController.swift */ = {isa = PBXFileReference; lastKnownFileType = sourcecode.swift; path = NotesController.swift; sourceTree = "<group>"; };
		240DCF14271B407600C820E5 /* CharactersController.swift */ = {isa = PBXFileReference; lastKnownFileType = sourcecode.swift; path = CharactersController.swift; sourceTree = "<group>"; };
		240DCF16271B445B00C820E5 /* TabBarController.swift */ = {isa = PBXFileReference; lastKnownFileType = sourcecode.swift; path = TabBarController.swift; sourceTree = "<group>"; };
		240DCF1C271B51DD00C820E5 /* Spell.swift */ = {isa = PBXFileReference; lastKnownFileType = sourcecode.swift; path = Spell.swift; sourceTree = "<group>"; };
		240DCF1E271B53D400C820E5 /* SpellFetchManager.swift */ = {isa = PBXFileReference; lastKnownFileType = sourcecode.swift; path = SpellFetchManager.swift; sourceTree = "<group>"; };
		240DCF22271B585800C820E5 /* SpellSearchController.swift */ = {isa = PBXFileReference; lastKnownFileType = sourcecode.swift; path = SpellSearchController.swift; sourceTree = "<group>"; };
		24155413271C989000433BD3 /* SpellCellCollectionViewCell.swift */ = {isa = PBXFileReference; lastKnownFileType = sourcecode.swift; path = SpellCellCollectionViewCell.swift; sourceTree = "<group>"; };
		24155414271C989000433BD3 /* SpellCellCollectionViewCell.xib */ = {isa = PBXFileReference; lastKnownFileType = file.xib; path = SpellCellCollectionViewCell.xib; sourceTree = "<group>"; };
		242B677B27112553002ADCD3 /* App of Holding v1.app */ = {isa = PBXFileReference; explicitFileType = wrapper.application; includeInIndex = 0; path = "App of Holding v1.app"; sourceTree = BUILT_PRODUCTS_DIR; };
		242B677E27112553002ADCD3 /* AppDelegate.swift */ = {isa = PBXFileReference; lastKnownFileType = sourcecode.swift; path = AppDelegate.swift; sourceTree = "<group>"; };
		242B678027112553002ADCD3 /* SceneDelegate.swift */ = {isa = PBXFileReference; lastKnownFileType = sourcecode.swift; path = SceneDelegate.swift; sourceTree = "<group>"; };
		242B678227112553002ADCD3 /* SpellsController.swift */ = {isa = PBXFileReference; lastKnownFileType = sourcecode.swift; path = SpellsController.swift; sourceTree = "<group>"; };
		242B678527112553002ADCD3 /* Base */ = {isa = PBXFileReference; lastKnownFileType = file.storyboard; name = Base; path = Base.lproj/Main.storyboard; sourceTree = "<group>"; };
		242B678827112553002ADCD3 /* App_of_Holding_v1.xcdatamodel */ = {isa = PBXFileReference; lastKnownFileType = wrapper.xcdatamodel; path = App_of_Holding_v1.xcdatamodel; sourceTree = "<group>"; };
		242B678A27112554002ADCD3 /* Assets.xcassets */ = {isa = PBXFileReference; lastKnownFileType = folder.assetcatalog; path = Assets.xcassets; sourceTree = "<group>"; };
		242B678D27112554002ADCD3 /* Base */ = {isa = PBXFileReference; lastKnownFileType = file.storyboard; name = Base; path = Base.lproj/LaunchScreen.storyboard; sourceTree = "<group>"; };
		242B678F27112554002ADCD3 /* Info.plist */ = {isa = PBXFileReference; lastKnownFileType = text.plist.xml; path = Info.plist; sourceTree = "<group>"; };
		246B93DD2722039C00F163A6 /* SpellResultViewCell.swift */ = {isa = PBXFileReference; lastKnownFileType = sourcecode.swift; path = SpellResultViewCell.swift; sourceTree = "<group>"; };
		246B93DE2722039C00F163A6 /* SpellResultViewCell.xib */ = {isa = PBXFileReference; lastKnownFileType = file.xib; path = SpellResultViewCell.xib; sourceTree = "<group>"; };
		246B93E12722091600F163A6 /* SpellSearchViewCell.swift */ = {isa = PBXFileReference; lastKnownFileType = sourcecode.swift; path = SpellSearchViewCell.swift; sourceTree = "<group>"; };
		246B93E22722091600F163A6 /* SpellSearchViewCell.xib */ = {isa = PBXFileReference; lastKnownFileType = file.xib; path = SpellSearchViewCell.xib; sourceTree = "<group>"; };
		247A1BA32724937F00E86F95 /* AlertsStoryboard.storyboard */ = {isa = PBXFileReference; lastKnownFileType = file.storyboard; path = AlertsStoryboard.storyboard; sourceTree = "<group>"; };
		247A1BA6272493A100E86F95 /* AlertViewController.swift */ = {isa = PBXFileReference; lastKnownFileType = sourcecode.swift; path = AlertViewController.swift; sourceTree = "<group>"; };
		24BE2B732724A0BD00C959DA /* AlertService.swift */ = {isa = PBXFileReference; lastKnownFileType = sourcecode.swift; path = AlertService.swift; sourceTree = "<group>"; };
		24BE2B752724AA7100C959DA /* SingleSpellSearched.storyboard */ = {isa = PBXFileReference; lastKnownFileType = file.storyboard; path = SingleSpellSearched.storyboard; sourceTree = "<group>"; };
		24BE2B772724AB2F00C959DA /* SpellDataController.swift */ = {isa = PBXFileReference; lastKnownFileType = sourcecode.swift; path = SpellDataController.swift; sourceTree = "<group>"; };
		24CD5A81271E317A00F24182 /* ResultsData.swift */ = {isa = PBXFileReference; lastKnownFileType = sourcecode.swift; path = ResultsData.swift; sourceTree = "<group>"; };
		2610AF5DFF97EE96599A0484 /* Pods-App of Holding v1.debug.xcconfig */ = {isa = PBXFileReference; includeInIndex = 1; lastKnownFileType = text.xcconfig; name = "Pods-App of Holding v1.debug.xcconfig"; path = "Target Support Files/Pods-App of Holding v1/Pods-App of Holding v1.debug.xcconfig"; sourceTree = "<group>"; };
		3A30B754754F8F573D8424C7 /* Pods-App of Holding v1.release.xcconfig */ = {isa = PBXFileReference; includeInIndex = 1; lastKnownFileType = text.xcconfig; name = "Pods-App of Holding v1.release.xcconfig"; path = "Target Support Files/Pods-App of Holding v1/Pods-App of Holding v1.release.xcconfig"; sourceTree = "<group>"; };
		E2D54EDEC444FCF975F7CA6E /* Pods_App_of_Holding_v1.framework */ = {isa = PBXFileReference; explicitFileType = wrapper.framework; includeInIndex = 0; path = Pods_App_of_Holding_v1.framework; sourceTree = BUILT_PRODUCTS_DIR; };
/* End PBXFileReference section */

/* Begin PBXFrameworksBuildPhase section */
		242B677827112553002ADCD3 /* Frameworks */ = {
			isa = PBXFrameworksBuildPhase;
			buildActionMask = 2147483647;
			files = (
				ED0501F9ADC086DE80F09DB2 /* Pods_App_of_Holding_v1.framework in Frameworks */,
			);
			runOnlyForDeploymentPostprocessing = 0;
		};
/* End PBXFrameworksBuildPhase section */

/* Begin PBXGroup section */
		240DCF0F271B3C7D00C820E5 /* Controllers */ = {
			isa = PBXGroup;
			children = (
				24BE2B722724A0AE00C959DA /* Services */,
				247A1BA52724938E00E86F95 /* AlertsControllers */,
				240DCF21271B582F00C820E5 /* MainControllers */,
				240DCF20271B582200C820E5 /* SearchControllers */,
			);
			path = Controllers;
			sourceTree = "<group>";
		};
		240DCF18271B512500C820E5 /* Models */ = {
			isa = PBXGroup;
			children = (
				240DCF1C271B51DD00C820E5 /* Spell.swift */,
				240DCF1E271B53D400C820E5 /* SpellFetchManager.swift */,
				24CD5A81271E317A00F24182 /* ResultsData.swift */,
			);
			path = Models;
			sourceTree = "<group>";
		};
		240DCF19271B512D00C820E5 /* Views */ = {
			isa = PBXGroup;
			children = (
				247A1BA22724934200E86F95 /* Storyboards */,
				246B93DC2722036B00F163A6 /* Cells */,
				24155413271C989000433BD3 /* SpellCellCollectionViewCell.swift */,
				24155414271C989000433BD3 /* SpellCellCollectionViewCell.xib */,
			);
			path = Views;
			sourceTree = "<group>";
		};
		240DCF20271B582200C820E5 /* SearchControllers */ = {
			isa = PBXGroup;
			children = (
				240DCF22271B585800C820E5 /* SpellSearchController.swift */,
			);
			path = SearchControllers;
			sourceTree = "<group>";
		};
		240DCF21271B582F00C820E5 /* MainControllers */ = {
			isa = PBXGroup;
			children = (
				242B678227112553002ADCD3 /* SpellsController.swift */,
				240DCF10271B3C8A00C820E5 /* ItemsController.swift */,
				240DCF12271B3FEA00C820E5 /* NotesController.swift */,
				240DCF14271B407600C820E5 /* CharactersController.swift */,
				240DCF16271B445B00C820E5 /* TabBarController.swift */,
			);
			path = MainControllers;
			sourceTree = "<group>";
		};
		242B677227112553002ADCD3 = {
			isa = PBXGroup;
			children = (
				242B677D27112553002ADCD3 /* App of Holding v1 */,
				242B677C27112553002ADCD3 /* Products */,
				D563D9D90E113DD3A8B97578 /* Pods */,
				ED810874E3AF0238633FE65C /* Frameworks */,
			);
			sourceTree = "<group>";
		};
		242B677C27112553002ADCD3 /* Products */ = {
			isa = PBXGroup;
			children = (
				242B677B27112553002ADCD3 /* App of Holding v1.app */,
			);
			name = Products;
			sourceTree = "<group>";
		};
		242B677D27112553002ADCD3 /* App of Holding v1 */ = {
			isa = PBXGroup;
			children = (
				240DCF19271B512D00C820E5 /* Views */,
				240DCF18271B512500C820E5 /* Models */,
				240DCF0F271B3C7D00C820E5 /* Controllers */,
				242B677E27112553002ADCD3 /* AppDelegate.swift */,
				242B678027112553002ADCD3 /* SceneDelegate.swift */,
				242B678A27112554002ADCD3 /* Assets.xcassets */,
				242B678F27112554002ADCD3 /* Info.plist */,
				242B678727112553002ADCD3 /* App_of_Holding_v1.xcdatamodeld */,
			);
			path = "App of Holding v1";
			sourceTree = "<group>";
		};
		246B93DC2722036B00F163A6 /* Cells */ = {
			isa = PBXGroup;
			children = (
				246B93DD2722039C00F163A6 /* SpellResultViewCell.swift */,
				246B93DE2722039C00F163A6 /* SpellResultViewCell.xib */,
				246B93E12722091600F163A6 /* SpellSearchViewCell.swift */,
				246B93E22722091600F163A6 /* SpellSearchViewCell.xib */,
			);
			path = Cells;
			sourceTree = "<group>";
		};
		247A1BA22724934200E86F95 /* Storyboards */ = {
			isa = PBXGroup;
			children = (
				242B678C27112554002ADCD3 /* LaunchScreen.storyboard */,
				24BE2B752724AA7100C959DA /* SingleSpellSearched.storyboard */,
				242B678427112553002ADCD3 /* Main.storyboard */,
				247A1BA32724937F00E86F95 /* AlertsStoryboard.storyboard */,
			);
			path = Storyboards;
			sourceTree = "<group>";
		};
		247A1BA52724938E00E86F95 /* AlertsControllers */ = {
			isa = PBXGroup;
			children = (
				247A1BA6272493A100E86F95 /* AlertViewController.swift */,
				24BE2B772724AB2F00C959DA /* SpellDataController.swift */,
			);
			path = AlertsControllers;
			sourceTree = "<group>";
		};
		24BE2B722724A0AE00C959DA /* Services */ = {
			isa = PBXGroup;
			children = (
				24BE2B732724A0BD00C959DA /* AlertService.swift */,
			);
			path = Services;
			sourceTree = "<group>";
		};
		D563D9D90E113DD3A8B97578 /* Pods */ = {
			isa = PBXGroup;
			children = (
				2610AF5DFF97EE96599A0484 /* Pods-App of Holding v1.debug.xcconfig */,
				3A30B754754F8F573D8424C7 /* Pods-App of Holding v1.release.xcconfig */,
			);
			path = Pods;
			sourceTree = "<group>";
		};
		ED810874E3AF0238633FE65C /* Frameworks */ = {
			isa = PBXGroup;
			children = (
				E2D54EDEC444FCF975F7CA6E /* Pods_App_of_Holding_v1.framework */,
			);
			name = Frameworks;
			sourceTree = "<group>";
		};
/* End PBXGroup section */

/* Begin PBXNativeTarget section */
		242B677A27112553002ADCD3 /* App of Holding v1 */ = {
			isa = PBXNativeTarget;
			buildConfigurationList = 242B679227112554002ADCD3 /* Build configuration list for PBXNativeTarget "App of Holding v1" */;
			buildPhases = (
				873D705EF878B1249765906F /* [CP] Check Pods Manifest.lock */,
				242B677727112553002ADCD3 /* Sources */,
				242B677827112553002ADCD3 /* Frameworks */,
				242B677927112553002ADCD3 /* Resources */,
			);
			buildRules = (
			);
			dependencies = (
			);
			name = "App of Holding v1";
			productName = "App of Holding v1";
			productReference = 242B677B27112553002ADCD3 /* App of Holding v1.app */;
			productType = "com.apple.product-type.application";
		};
/* End PBXNativeTarget section */

/* Begin PBXProject section */
		242B677327112553002ADCD3 /* Project object */ = {
			isa = PBXProject;
			attributes = {
				BuildIndependentTargetsInParallel = 1;
				LastSwiftUpdateCheck = 1300;
				LastUpgradeCheck = 1300;
				TargetAttributes = {
					242B677A27112553002ADCD3 = {
						CreatedOnToolsVersion = 13.0;
					};
				};
			};
			buildConfigurationList = 242B677627112553002ADCD3 /* Build configuration list for PBXProject "App of Holding v1" */;
			compatibilityVersion = "Xcode 12.0";
			developmentRegion = en;
			hasScannedForEncodings = 0;
			knownRegions = (
				en,
				Base,
			);
			mainGroup = 242B677227112553002ADCD3;
			productRefGroup = 242B677C27112553002ADCD3 /* Products */;
			projectDirPath = "";
			projectRoot = "";
			targets = (
				242B677A27112553002ADCD3 /* App of Holding v1 */,
			);
		};
/* End PBXProject section */

/* Begin PBXResourcesBuildPhase section */
		242B677927112553002ADCD3 /* Resources */ = {
			isa = PBXResourcesBuildPhase;
			buildActionMask = 2147483647;
			files = (
				242B678E27112554002ADCD3 /* LaunchScreen.storyboard in Resources */,
				246B93E02722039C00F163A6 /* SpellResultViewCell.xib in Resources */,
				247A1BA42724937F00E86F95 /* AlertsStoryboard.storyboard in Resources */,
				242B678B27112554002ADCD3 /* Assets.xcassets in Resources */,
				24BE2B762724AA7100C959DA /* SingleSpellSearched.storyboard in Resources */,
				246B93E42722091600F163A6 /* SpellSearchViewCell.xib in Resources */,
				242B678627112553002ADCD3 /* Main.storyboard in Resources */,
				24155416271C989000433BD3 /* SpellCellCollectionViewCell.xib in Resources */,
			);
			runOnlyForDeploymentPostprocessing = 0;
		};
/* End PBXResourcesBuildPhase section */

/* Begin PBXShellScriptBuildPhase section */
		873D705EF878B1249765906F /* [CP] Check Pods Manifest.lock */ = {
			isa = PBXShellScriptBuildPhase;
			buildActionMask = 2147483647;
			files = (
			);
			inputFileListPaths = (
			);
			inputPaths = (
				"${PODS_PODFILE_DIR_PATH}/Podfile.lock",
				"${PODS_ROOT}/Manifest.lock",
			);
			name = "[CP] Check Pods Manifest.lock";
			outputFileListPaths = (
			);
			outputPaths = (
				"$(DERIVED_FILE_DIR)/Pods-App of Holding v1-checkManifestLockResult.txt",
			);
			runOnlyForDeploymentPostprocessing = 0;
			shellPath = /bin/sh;
			shellScript = "diff \"${PODS_PODFILE_DIR_PATH}/Podfile.lock\" \"${PODS_ROOT}/Manifest.lock\" > /dev/null\nif [ $? != 0 ] ; then\n    # print error to STDERR\n    echo \"error: The sandbox is not in sync with the Podfile.lock. Run 'pod install' or update your CocoaPods installation.\" >&2\n    exit 1\nfi\n# This output is used by Xcode 'outputs' to avoid re-running this script phase.\necho \"SUCCESS\" > \"${SCRIPT_OUTPUT_FILE_0}\"\n";
			showEnvVarsInLog = 0;
		};
/* End PBXShellScriptBuildPhase section */

/* Begin PBXSourcesBuildPhase section */
		242B677727112553002ADCD3 /* Sources */ = {
			isa = PBXSourcesBuildPhase;
			buildActionMask = 2147483647;
			files = (
				240DCF11271B3C8A00C820E5 /* ItemsController.swift in Sources */,
				24155415271C989000433BD3 /* SpellCellCollectionViewCell.swift in Sources */,
				240DCF17271B445B00C820E5 /* TabBarController.swift in Sources */,
				240DCF15271B407600C820E5 /* CharactersController.swift in Sources */,
				240DCF13271B3FEA00C820E5 /* NotesController.swift in Sources */,
				242B678327112553002ADCD3 /* SpellsController.swift in Sources */,
				24CD5A82271E317A00F24182 /* ResultsData.swift in Sources */,
				242B678927112553002ADCD3 /* App_of_Holding_v1.xcdatamodeld in Sources */,
				24BE2B782724AB2F00C959DA /* SpellDataController.swift in Sources */,
				240DCF23271B585800C820E5 /* SpellSearchController.swift in Sources */,
				242B677F27112553002ADCD3 /* AppDelegate.swift in Sources */,
				246B93DF2722039C00F163A6 /* SpellResultViewCell.swift in Sources */,
				247A1BA7272493A100E86F95 /* AlertViewController.swift in Sources */,
				242B678127112553002ADCD3 /* SceneDelegate.swift in Sources */,
				24BE2B742724A0BD00C959DA /* AlertService.swift in Sources */,
				240DCF1F271B53D500C820E5 /* SpellFetchManager.swift in Sources */,
				246B93E32722091600F163A6 /* SpellSearchViewCell.swift in Sources */,
				240DCF1D271B51DD00C820E5 /* Spell.swift in Sources */,
			);
			runOnlyForDeploymentPostprocessing = 0;
		};
/* End PBXSourcesBuildPhase section */

/* Begin PBXVariantGroup section */
		242B678427112553002ADCD3 /* Main.storyboard */ = {
			isa = PBXVariantGroup;
			children = (
				242B678527112553002ADCD3 /* Base */,
			);
			name = Main.storyboard;
			sourceTree = "<group>";
		};
		242B678C27112554002ADCD3 /* LaunchScreen.storyboard */ = {
			isa = PBXVariantGroup;
			children = (
				242B678D27112554002ADCD3 /* Base */,
			);
			name = LaunchScreen.storyboard;
			sourceTree = "<group>";
		};
/* End PBXVariantGroup section */

/* Begin XCBuildConfiguration section */
		242B679027112554002ADCD3 /* Debug */ = {
			isa = XCBuildConfiguration;
			buildSettings = {
				ALWAYS_SEARCH_USER_PATHS = NO;
				CLANG_ANALYZER_NONNULL = YES;
				CLANG_ANALYZER_NUMBER_OBJECT_CONVERSION = YES_AGGRESSIVE;
				CLANG_CXX_LANGUAGE_STANDARD = "gnu++17";
				CLANG_CXX_LIBRARY = "libc++";
				CLANG_ENABLE_MODULES = YES;
				CLANG_ENABLE_OBJC_ARC = YES;
				CLANG_ENABLE_OBJC_WEAK = YES;
				CLANG_WARN_BLOCK_CAPTURE_AUTORELEASING = YES;
				CLANG_WARN_BOOL_CONVERSION = YES;
				CLANG_WARN_COMMA = YES;
				CLANG_WARN_CONSTANT_CONVERSION = YES;
				CLANG_WARN_DEPRECATED_OBJC_IMPLEMENTATIONS = YES;
				CLANG_WARN_DIRECT_OBJC_ISA_USAGE = YES_ERROR;
				CLANG_WARN_DOCUMENTATION_COMMENTS = YES;
				CLANG_WARN_EMPTY_BODY = YES;
				CLANG_WARN_ENUM_CONVERSION = YES;
				CLANG_WARN_INFINITE_RECURSION = YES;
				CLANG_WARN_INT_CONVERSION = YES;
				CLANG_WARN_NON_LITERAL_NULL_CONVERSION = YES;
				CLANG_WARN_OBJC_IMPLICIT_RETAIN_SELF = YES;
				CLANG_WARN_OBJC_LITERAL_CONVERSION = YES;
				CLANG_WARN_OBJC_ROOT_CLASS = YES_ERROR;
				CLANG_WARN_QUOTED_INCLUDE_IN_FRAMEWORK_HEADER = YES;
				CLANG_WARN_RANGE_LOOP_ANALYSIS = YES;
				CLANG_WARN_STRICT_PROTOTYPES = YES;
				CLANG_WARN_SUSPICIOUS_MOVE = YES;
				CLANG_WARN_UNGUARDED_AVAILABILITY = YES_AGGRESSIVE;
				CLANG_WARN_UNREACHABLE_CODE = YES;
				CLANG_WARN__DUPLICATE_METHOD_MATCH = YES;
				COPY_PHASE_STRIP = NO;
				DEBUG_INFORMATION_FORMAT = dwarf;
				ENABLE_STRICT_OBJC_MSGSEND = YES;
				ENABLE_TESTABILITY = YES;
				GCC_C_LANGUAGE_STANDARD = gnu11;
				GCC_DYNAMIC_NO_PIC = NO;
				GCC_NO_COMMON_BLOCKS = YES;
				GCC_OPTIMIZATION_LEVEL = 0;
				GCC_PREPROCESSOR_DEFINITIONS = (
					"DEBUG=1",
					"$(inherited)",
				);
				GCC_WARN_64_TO_32_BIT_CONVERSION = YES;
				GCC_WARN_ABOUT_RETURN_TYPE = YES_ERROR;
				GCC_WARN_UNDECLARED_SELECTOR = YES;
				GCC_WARN_UNINITIALIZED_AUTOS = YES_AGGRESSIVE;
				GCC_WARN_UNUSED_FUNCTION = YES;
				GCC_WARN_UNUSED_VARIABLE = YES;
				IPHONEOS_DEPLOYMENT_TARGET = 15.0;
				MTL_ENABLE_DEBUG_INFO = INCLUDE_SOURCE;
				MTL_FAST_MATH = YES;
				ONLY_ACTIVE_ARCH = YES;
				SDKROOT = iphoneos;
				SWIFT_ACTIVE_COMPILATION_CONDITIONS = DEBUG;
				SWIFT_OPTIMIZATION_LEVEL = "-Onone";
			};
			name = Debug;
		};
		242B679127112554002ADCD3 /* Release */ = {
			isa = XCBuildConfiguration;
			buildSettings = {
				ALWAYS_SEARCH_USER_PATHS = NO;
				CLANG_ANALYZER_NONNULL = YES;
				CLANG_ANALYZER_NUMBER_OBJECT_CONVERSION = YES_AGGRESSIVE;
				CLANG_CXX_LANGUAGE_STANDARD = "gnu++17";
				CLANG_CXX_LIBRARY = "libc++";
				CLANG_ENABLE_MODULES = YES;
				CLANG_ENABLE_OBJC_ARC = YES;
				CLANG_ENABLE_OBJC_WEAK = YES;
				CLANG_WARN_BLOCK_CAPTURE_AUTORELEASING = YES;
				CLANG_WARN_BOOL_CONVERSION = YES;
				CLANG_WARN_COMMA = YES;
				CLANG_WARN_CONSTANT_CONVERSION = YES;
				CLANG_WARN_DEPRECATED_OBJC_IMPLEMENTATIONS = YES;
				CLANG_WARN_DIRECT_OBJC_ISA_USAGE = YES_ERROR;
				CLANG_WARN_DOCUMENTATION_COMMENTS = YES;
				CLANG_WARN_EMPTY_BODY = YES;
				CLANG_WARN_ENUM_CONVERSION = YES;
				CLANG_WARN_INFINITE_RECURSION = YES;
				CLANG_WARN_INT_CONVERSION = YES;
				CLANG_WARN_NON_LITERAL_NULL_CONVERSION = YES;
				CLANG_WARN_OBJC_IMPLICIT_RETAIN_SELF = YES;
				CLANG_WARN_OBJC_LITERAL_CONVERSION = YES;
				CLANG_WARN_OBJC_ROOT_CLASS = YES_ERROR;
				CLANG_WARN_QUOTED_INCLUDE_IN_FRAMEWORK_HEADER = YES;
				CLANG_WARN_RANGE_LOOP_ANALYSIS = YES;
				CLANG_WARN_STRICT_PROTOTYPES = YES;
				CLANG_WARN_SUSPICIOUS_MOVE = YES;
				CLANG_WARN_UNGUARDED_AVAILABILITY = YES_AGGRESSIVE;
				CLANG_WARN_UNREACHABLE_CODE = YES;
				CLANG_WARN__DUPLICATE_METHOD_MATCH = YES;
				COPY_PHASE_STRIP = NO;
				DEBUG_INFORMATION_FORMAT = "dwarf-with-dsym";
				ENABLE_NS_ASSERTIONS = NO;
				ENABLE_STRICT_OBJC_MSGSEND = YES;
				GCC_C_LANGUAGE_STANDARD = gnu11;
				GCC_NO_COMMON_BLOCKS = YES;
				GCC_WARN_64_TO_32_BIT_CONVERSION = YES;
				GCC_WARN_ABOUT_RETURN_TYPE = YES_ERROR;
				GCC_WARN_UNDECLARED_SELECTOR = YES;
				GCC_WARN_UNINITIALIZED_AUTOS = YES_AGGRESSIVE;
				GCC_WARN_UNUSED_FUNCTION = YES;
				GCC_WARN_UNUSED_VARIABLE = YES;
				IPHONEOS_DEPLOYMENT_TARGET = 15.0;
				MTL_ENABLE_DEBUG_INFO = NO;
				MTL_FAST_MATH = YES;
				SDKROOT = iphoneos;
				SWIFT_COMPILATION_MODE = wholemodule;
				SWIFT_OPTIMIZATION_LEVEL = "-O";
				VALIDATE_PRODUCT = YES;
			};
			name = Release;
		};
		242B679327112554002ADCD3 /* Debug */ = {
			isa = XCBuildConfiguration;
			baseConfigurationReference = 2610AF5DFF97EE96599A0484 /* Pods-App of Holding v1.debug.xcconfig */;
			buildSettings = {
				ASSETCATALOG_COMPILER_APPICON_NAME = AppIcon;
				ASSETCATALOG_COMPILER_GLOBAL_ACCENT_COLOR_NAME = AccentColor;
				CODE_SIGN_STYLE = Automatic;
				CURRENT_PROJECT_VERSION = 1;
				DEVELOPMENT_TEAM = 28F8QWH9NQ;
				GENERATE_INFOPLIST_FILE = YES;
				INFOPLIST_FILE = "App of Holding v1/Info.plist";
				INFOPLIST_KEY_UIApplicationSupportsIndirectInputEvents = YES;
				INFOPLIST_KEY_UILaunchStoryboardName = LaunchScreen;
				INFOPLIST_KEY_UIMainStoryboardFile = Main;
				INFOPLIST_KEY_UISupportedInterfaceOrientations_iPad = "UIInterfaceOrientationPortrait UIInterfaceOrientationPortraitUpsideDown UIInterfaceOrientationLandscapeLeft UIInterfaceOrientationLandscapeRight";
				INFOPLIST_KEY_UISupportedInterfaceOrientations_iPhone = "UIInterfaceOrientationPortrait UIInterfaceOrientationLandscapeLeft UIInterfaceOrientationLandscapeRight";
				LD_RUNPATH_SEARCH_PATHS = (
					"$(inherited)",
					"@executable_path/Frameworks",
				);
				MARKETING_VERSION = 1.0;
				PRODUCT_BUNDLE_IDENTIFIER = "com.navadev.App-of-Holding-v1";
				PRODUCT_NAME = "$(TARGET_NAME)";
				SWIFT_EMIT_LOC_STRINGS = YES;
				SWIFT_VERSION = 5.0;
				TARGETED_DEVICE_FAMILY = "1,2";
			};
			name = Debug;
		};
		242B679427112554002ADCD3 /* Release */ = {
			isa = XCBuildConfiguration;
			baseConfigurationReference = 3A30B754754F8F573D8424C7 /* Pods-App of Holding v1.release.xcconfig */;
			buildSettings = {
				ASSETCATALOG_COMPILER_APPICON_NAME = AppIcon;
				ASSETCATALOG_COMPILER_GLOBAL_ACCENT_COLOR_NAME = AccentColor;
				CODE_SIGN_STYLE = Automatic;
				CURRENT_PROJECT_VERSION = 1;
				DEVELOPMENT_TEAM = 28F8QWH9NQ;
				GENERATE_INFOPLIST_FILE = YES;
				INFOPLIST_FILE = "App of Holding v1/Info.plist";
				INFOPLIST_KEY_UIApplicationSupportsIndirectInputEvents = YES;
				INFOPLIST_KEY_UILaunchStoryboardName = LaunchScreen;
				INFOPLIST_KEY_UIMainStoryboardFile = Main;
				INFOPLIST_KEY_UISupportedInterfaceOrientations_iPad = "UIInterfaceOrientationPortrait UIInterfaceOrientationPortraitUpsideDown UIInterfaceOrientationLandscapeLeft UIInterfaceOrientationLandscapeRight";
				INFOPLIST_KEY_UISupportedInterfaceOrientations_iPhone = "UIInterfaceOrientationPortrait UIInterfaceOrientationLandscapeLeft UIInterfaceOrientationLandscapeRight";
				LD_RUNPATH_SEARCH_PATHS = (
					"$(inherited)",
					"@executable_path/Frameworks",
				);
				MARKETING_VERSION = 1.0;
				PRODUCT_BUNDLE_IDENTIFIER = "com.navadev.App-of-Holding-v1";
				PRODUCT_NAME = "$(TARGET_NAME)";
				SWIFT_EMIT_LOC_STRINGS = YES;
				SWIFT_VERSION = 5.0;
				TARGETED_DEVICE_FAMILY = "1,2";
			};
			name = Release;
		};
/* End XCBuildConfiguration section */

/* Begin XCConfigurationList section */
		242B677627112553002ADCD3 /* Build configuration list for PBXProject "App of Holding v1" */ = {
			isa = XCConfigurationList;
			buildConfigurations = (
				242B679027112554002ADCD3 /* Debug */,
				242B679127112554002ADCD3 /* Release */,
			);
			defaultConfigurationIsVisible = 0;
			defaultConfigurationName = Release;
		};
		242B679227112554002ADCD3 /* Build configuration list for PBXNativeTarget "App of Holding v1" */ = {
			isa = XCConfigurationList;
			buildConfigurations = (
				242B679327112554002ADCD3 /* Debug */,
				242B679427112554002ADCD3 /* Release */,
			);
			defaultConfigurationIsVisible = 0;
			defaultConfigurationName = Release;
		};
/* End XCConfigurationList section */

/* Begin XCVersionGroup section */
		242B678727112553002ADCD3 /* App_of_Holding_v1.xcdatamodeld */ = {
			isa = XCVersionGroup;
			children = (
				242B678827112553002ADCD3 /* App_of_Holding_v1.xcdatamodel */,
			);
			currentVersion = 242B678827112553002ADCD3 /* App_of_Holding_v1.xcdatamodel */;
			path = App_of_Holding_v1.xcdatamodeld;
			sourceTree = "<group>";
			versionGroupType = wrapper.xcdatamodel;
		};
/* End XCVersionGroup section */
	};
	rootObject = 242B677327112553002ADCD3 /* Project object */;
}
